# This file is autogenerated, do not edit; changes may be undone by the next 'dep ensure'.


[[projects]]
  name = "github.com/boltdb/bolt"
  packages = ["."]
  revision = "583e8937c61f1af6513608ccc75c97b6abdf4ff9"
  version = "v1.3.0"

[[projects]]
  name = "github.com/golang/protobuf"
  packages = ["proto"]
  revision = "8ee79997227bf9b34611aee7946ae64735e6fd93"

[[projects]]
  branch = "master"
  name = "github.com/jawher/mow.cli"
  packages = ["."]
  revision = "0de3d3b4ed00f261460d12ecde4efa90fbfcd8ed"

[[projects]]
  name = "github.com/mitchellh/mapstructure"
  packages = ["."]
  revision = "f3009df150dadf309fdee4a54ed65c124afad715"

[[projects]]
  branch = "master"
  name = "github.com/turnage/graw"
  packages = ["reddit"]
  revision = "2787a078402fdeab4a90a64496df2b4628e32063"

[[projects]]
  branch = "master"
  name = "github.com/turnage/redditproto"
  packages = ["."]
  revision = "afedf1b6eddb1a10e42199264824e012874e9941"

[[projects]]
  name = "golang.org/x/net"
  packages = ["context"]
  revision = "4971afdc2f162e82d185353533d3cf16188a9f4e"

[[projects]]
  name = "golang.org/x/oauth2"
  packages = [".","internal"]
  revision = "d5040cddfc0da40b408c9a1da4728662435176a9"

[[projects]]
  name = "golang.org/x/sys"
  packages = ["unix"]
  revision = "30237cf4eefd639b184d1f2cb77a581ea0be8947"

[[projects]]
  name = "google.golang.org/appengine"
  packages = ["internal","internal/base","internal/datastore","internal/log","internal/remote_api","internal/urlfetch","urlfetch"]
  revision = "ca59ef35f409df61fa4a5f8290ff289b37eccfb8"

[solve-meta]
  analyzer-name = "dep"
  analyzer-version = 1
  inputs-digest = "818729183b08a67794057100e16f409a4135edfe9ab08df116bf1e69393ca09d"
  solver-name = "gps-cdcl"
  solver-version = 1
